github.com/jacobsa/fuse v0.0.0-20230509090321-7263f3a2b474 h1:6z3Yj4PZKk3n18T2s7RYCa4uBCOpeLoQfDH/mUZTrVo=
github.com/jacobsa/fuse v0.0.0-20230509090321-7263f3a2b474/go.mod h1:XUKuYy1M4vamyxQjW8/WZBTxyZ0NnUiq+kkA+WWOfeI=
github.com/kylelemons/godebug v1.1.0 h1:RPNrshWIDI6G2gRW9EHilWtl7Z6Sb1BR0xunSBf0SNc=
golang.org/x/sys v0.5.0 h1:MUK/U/4lj1t1oPg0HfuXDN/Z1wv31ZJ/YcPiGccS4DU=
golang.org/x/sys v0.5.0/go.mod h1:oPkhp1MJrh7nUepCBck5+mAzfO9JrbApNNgaTdGDITg=
